
Microsoft Visual Studio Solution File, Format Version 12.00
# Visual Studio Version 18
VisualStudioVersion = 18.0.11018.127
MinimumVisualStudioVersion = 10.0.40219.1
Project("{FAE04EC0-301F-11D3-BF4B-00C04F79EFBC}") = "Microservice.Estoque.API", "src\Microservice.Estoque.API\Microservice.Estoque.API.csproj", "{FEE789B1-28F5-AD77-4B50-B2886BE299C4}"
EndProject
Project("{FAE04EC0-301F-11D3-BF4B-00C04F79EFBC}") = "Microservice.Estoque.Application", "src\Microservice.Estoque.Application\Microservice.Estoque.Application.csproj", "{69C78326-970B-AE00-40A4-E285EC754447}"
EndProject
Project("{FAE04EC0-301F-11D3-BF4B-00C04F79EFBC}") = "Microservice.Estoque.Domain", "src\Microservice.Estoque.Domain\Microservice.Estoque.Domain.csproj", "{E4E142C6-7BDA-8C46-C22E-8084ECFA49A8}"
EndProject
Project("{FAE04EC0-301F-11D3-BF4B-00C04F79EFBC}") = "Microservice.Estoque.Infrastructure", "src\Microservice.Estoque.Infrastructure\Microservice.Estoque.Infrastructure.csproj", "{2FD6DB53-0ADA-E977-64A8-86AF7E18581E}"
EndProject
Project("{FAE04EC0-301F-11D3-BF4B-00C04F79EFBC}") = "Microservice.Produto.API", "src\Microservice.Produto.API\Microservice.Produto.API.csproj", "{BE248003-1443-A8D5-DF71-E2E1715422E9}"
EndProject
Project("{FAE04EC0-301F-11D3-BF4B-00C04F79EFBC}") = "Microservice.Produto.Application", "src\Microservice.Produto.Application\Microservice.Produto.Application.csproj", "{E3FFE8C7-E9F3-43C9-4CFE-CBB13D7AB9FB}"
EndProject
Project("{FAE04EC0-301F-11D3-BF4B-00C04F79EFBC}") = "Microservice.Produto.Domain", "src\Microservice.Produto.Domain\Microservice.Produto.Domain.csproj", "{9C2FE616-90B1-D7FD-C9BD-EF3F32E6670C}"
EndProject
Project("{FAE04EC0-301F-11D3-BF4B-00C04F79EFBC}") = "Microservice.Produto.Infrastructure", "src\Microservice.Produto.Infrastructure\Microservice.Produto.Infrastructure.csproj", "{9E814EAE-B6F2-9B9F-21DC-DD49B1AA3000}"
EndProject
Project("{FAE04EC0-301F-11D3-BF4B-00C04F79EFBC}") = "Gateway.API", "src\Gateway.API\Gateway.API.csproj", "{ED6B6783-B070-ED0E-3429-1846E07E78C8}"
EndProject
Project("{FAE04EC0-301F-11D3-BF4B-00C04F79EFBC}") = "Shared.Application", "src\Shared.Application\Shared.Application.csproj", "{1CAA5DE9-35C0-4F39-9F73-74790FE1B445}"
EndProject
Project("{FAE04EC0-301F-11D3-BF4B-00C04F79EFBC}") = "Shared.Domain", "src\Shared.Domain\Shared.Domain.csproj", "{B7F6C4EB-7ABD-209E-A530-FEE5FD856D87}"
EndProject
Project("{FAE04EC0-301F-11D3-BF4B-00C04F79EFBC}") = "Shared.Api", "src\Shared.Api\Shared.Api.csproj", "{827429F1-31B8-14B6-6A8F-3772EBDCF0E4}"
EndProject
Project("{FAE04EC0-301F-11D3-BF4B-00C04F79EFBC}") = "Microservice.Pedido.Application", "src\Microservice.Pedido.Application\Microservice.Pedido.Application.csproj", "{96956FDD-4CEB-6369-1DEF-8514BD50459A}"
EndProject
Project("{FAE04EC0-301F-11D3-BF4B-00C04F79EFBC}") = "Microservice.Pedido.Domain", "src\Microservice.Pedido.Domain\Microservice.Pedido.Domain.csproj", "{047CEDE5-4142-3C85-C194-9D01B6F3C2DB}"
EndProject
Project("{FAE04EC0-301F-11D3-BF4B-00C04F79EFBC}") = "Microservice.Pedido.API", "src\Microservice.Pedido.API\Microservice.Pedido.API.csproj", "{0A3905F3-10C3-48ED-12FF-04EE30C228BF}"
EndProject
Project("{FAE04EC0-301F-11D3-BF4B-00C04F79EFBC}") = "Microservice.Pedido.Infrastructure", "src\Microservice.Pedido.Infrastructure\Microservice.Pedido.Infrastructure.csproj", "{A6956764-F7C6-69F9-00F1-0D0911CBAF25}"
EndProject
Project("{FAE04EC0-301F-11D3-BF4B-00C04F79EFBC}") = "Microservice.Recibo.API", "src\Microservice.Recibo.API\Microservice.Recibo.API.csproj", "{063C07F8-3F36-4792-9DA2-1F5B4D27FF55}"
EndProject
Project("{FAE04EC0-301F-11D3-BF4B-00C04F79EFBC}") = "Microservice.Recibo.Infrastructure", "src\Microservice.Recibo.Infrastructure\Microservice.Recibo.Infrastructure.csproj", "{57AD87E9-892C-4B8C-A500-AB44053FA9D5}"
EndProject
Project("{FAE04EC0-301F-11D3-BF4B-00C04F79EFBC}") = "Microservice.Recibo.Application", "src\Microservice.Recibo.Application\Microservice.Recibo.Application.csproj", "{5202DD9E-9BB0-4545-B87D-194B622793FB}"
EndProject
Project("{FAE04EC0-301F-11D3-BF4B-00C04F79EFBC}") = "Microservice.Faturamento.API", "src\Microservice.Faturamento.API\Microservice.Faturamento.API.csproj", "{40354DCF-8C64-806A-875F-BDFCEE5EBA03}"
EndProject
Project("{FAE04EC0-301F-11D3-BF4B-00C04F79EFBC}") = "Microservice.Faturamento.Application", "src\Microservice.Faturamento.Application\Microservice.Faturamento.Application.csproj", "{6195EFBE-C799-CB07-C168-6705C8A7B5BD}"
EndProject
Project("{FAE04EC0-301F-11D3-BF4B-00C04F79EFBC}") = "Microservice.Faturamento.Domain", "src\Microservice.Faturamento.Domain\Microservice.Faturamento.Domain.csproj", "{DC752207-3738-B576-2BFC-FC7784D9ABC3}"
EndProject
Project("{FAE04EC0-301F-11D3-BF4B-00C04F79EFBC}") = "Microservice.Faturamento.Infrastructure", "src\Microservice.Faturamento.Infrastructure\Microservice.Faturamento.Infrastructure.csproj", "{411A1FAA-6A13-F9D2-C9EE-344489ADB793}"
EndProject
Global
	GlobalSection(SolutionConfigurationPlatforms) = preSolution
		Debug|Any CPU = Debug|Any CPU
		Debug|x64 = Debug|x64
		Debug|x86 = Debug|x86
		Release|Any CPU = Release|Any CPU
		Release|x64 = Release|x64
		Release|x86 = Release|x86
	EndGlobalSection
	GlobalSection(ProjectConfigurationPlatforms) = postSolution
		{FEE789B1-28F5-AD77-4B50-B2886BE299C4}.Debug|Any CPU.ActiveCfg = Debug|Any CPU
		{FEE789B1-28F5-AD77-4B50-B2886BE299C4}.Debug|Any CPU.Build.0 = Debug|Any CPU
		{FEE789B1-28F5-AD77-4B50-B2886BE299C4}.Debug|x64.ActiveCfg = Debug|Any CPU
		{FEE789B1-28F5-AD77-4B50-B2886BE299C4}.Debug|x64.Build.0 = Debug|Any CPU
		{FEE789B1-28F5-AD77-4B50-B2886BE299C4}.Debug|x86.ActiveCfg = Debug|Any CPU
		{FEE789B1-28F5-AD77-4B50-B2886BE299C4}.Debug|x86.Build.0 = Debug|Any CPU
		{FEE789B1-28F5-AD77-4B50-B2886BE299C4}.Release|Any CPU.ActiveCfg = Release|Any CPU
		{FEE789B1-28F5-AD77-4B50-B2886BE299C4}.Release|Any CPU.Build.0 = Release|Any CPU
		{FEE789B1-28F5-AD77-4B50-B2886BE299C4}.Release|x64.ActiveCfg = Release|Any CPU
		{FEE789B1-28F5-AD77-4B50-B2886BE299C4}.Release|x64.Build.0 = Release|Any CPU
		{FEE789B1-28F5-AD77-4B50-B2886BE299C4}.Release|x86.ActiveCfg = Release|Any CPU
		{FEE789B1-28F5-AD77-4B50-B2886BE299C4}.Release|x86.Build.0 = Release|Any CPU
		{69C78326-970B-AE00-40A4-E285EC754447}.Debug|Any CPU.ActiveCfg = Debug|Any CPU
		{69C78326-970B-AE00-40A4-E285EC754447}.Debug|Any CPU.Build.0 = Debug|Any CPU
		{69C78326-970B-AE00-40A4-E285EC754447}.Debug|x64.ActiveCfg = Debug|Any CPU
		{69C78326-970B-AE00-40A4-E285EC754447}.Debug|x64.Build.0 = Debug|Any CPU
		{69C78326-970B-AE00-40A4-E285EC754447}.Debug|x86.ActiveCfg = Debug|Any CPU
		{69C78326-970B-AE00-40A4-E285EC754447}.Debug|x86.Build.0 = Debug|Any CPU
		{69C78326-970B-AE00-40A4-E285EC754447}.Release|Any CPU.ActiveCfg = Release|Any CPU
		{69C78326-970B-AE00-40A4-E285EC754447}.Release|Any CPU.Build.0 = Release|Any CPU
		{69C78326-970B-AE00-40A4-E285EC754447}.Release|x64.ActiveCfg = Release|Any CPU
		{69C78326-970B-AE00-40A4-E285EC754447}.Release|x64.Build.0 = Release|Any CPU
		{69C78326-970B-AE00-40A4-E285EC754447}.Release|x86.ActiveCfg = Release|Any CPU
		{69C78326-970B-AE00-40A4-E285EC754447}.Release|x86.Build.0 = Release|Any CPU
		{E4E142C6-7BDA-8C46-C22E-8084ECFA49A8}.Debug|Any CPU.ActiveCfg = Debug|Any CPU
		{E4E142C6-7BDA-8C46-C22E-8084ECFA49A8}.Debug|Any CPU.Build.0 = Debug|Any CPU
		{E4E142C6-7BDA-8C46-C22E-8084ECFA49A8}.Debug|x64.ActiveCfg = Debug|Any CPU
		{E4E142C6-7BDA-8C46-C22E-8084ECFA49A8}.Debug|x64.Build.0 = Debug|Any CPU
		{E4E142C6-7BDA-8C46-C22E-8084ECFA49A8}.Debug|x86.ActiveCfg = Debug|Any CPU
		{E4E142C6-7BDA-8C46-C22E-8084ECFA49A8}.Debug|x86.Build.0 = Debug|Any CPU
		{E4E142C6-7BDA-8C46-C22E-8084ECFA49A8}.Release|Any CPU.ActiveCfg = Release|Any CPU
		{E4E142C6-7BDA-8C46-C22E-8084ECFA49A8}.Release|Any CPU.Build.0 = Release|Any CPU
		{E4E142C6-7BDA-8C46-C22E-8084ECFA49A8}.Release|x64.ActiveCfg = Release|Any CPU
		{E4E142C6-7BDA-8C46-C22E-8084ECFA49A8}.Release|x64.Build.0 = Release|Any CPU
		{E4E142C6-7BDA-8C46-C22E-8084ECFA49A8}.Release|x86.ActiveCfg = Release|Any CPU
		{E4E142C6-7BDA-8C46-C22E-8084ECFA49A8}.Release|x86.Build.0 = Release|Any CPU
		{2FD6DB53-0ADA-E977-64A8-86AF7E18581E}.Debug|Any CPU.ActiveCfg = Debug|Any CPU
		{2FD6DB53-0ADA-E977-64A8-86AF7E18581E}.Debug|Any CPU.Build.0 = Debug|Any CPU
		{2FD6DB53-0ADA-E977-64A8-86AF7E18581E}.Debug|x64.ActiveCfg = Debug|Any CPU
		{2FD6DB53-0ADA-E977-64A8-86AF7E18581E}.Debug|x64.Build.0 = Debug|Any CPU
		{2FD6DB53-0ADA-E977-64A8-86AF7E18581E}.Debug|x86.ActiveCfg = Debug|Any CPU
		{2FD6DB53-0ADA-E977-64A8-86AF7E18581E}.Debug|x86.Build.0 = Debug|Any CPU
		{2FD6DB53-0ADA-E977-64A8-86AF7E18581E}.Release|Any CPU.ActiveCfg = Release|Any CPU
		{2FD6DB53-0ADA-E977-64A8-86AF7E18581E}.Release|Any CPU.Build.0 = Release|Any CPU
		{2FD6DB53-0ADA-E977-64A8-86AF7E18581E}.Release|x64.ActiveCfg = Release|Any CPU
		{2FD6DB53-0ADA-E977-64A8-86AF7E18581E}.Release|x64.Build.0 = Release|Any CPU
		{2FD6DB53-0ADA-E977-64A8-86AF7E18581E}.Release|x86.ActiveCfg = Release|Any CPU
		{2FD6DB53-0ADA-E977-64A8-86AF7E18581E}.Release|x86.Build.0 = Release|Any CPU
		{BE248003-1443-A8D5-DF71-E2E1715422E9}.Debug|Any CPU.ActiveCfg = Debug|Any CPU
		{BE248003-1443-A8D5-DF71-E2E1715422E9}.Debug|Any CPU.Build.0 = Debug|Any CPU
		{BE248003-1443-A8D5-DF71-E2E1715422E9}.Debug|x64.ActiveCfg = Debug|Any CPU
		{BE248003-1443-A8D5-DF71-E2E1715422E9}.Debug|x64.Build.0 = Debug|Any CPU
		{BE248003-1443-A8D5-DF71-E2E1715422E9}.Debug|x86.ActiveCfg = Debug|Any CPU
		{BE248003-1443-A8D5-DF71-E2E1715422E9}.Debug|x86.Build.0 = Debug|Any CPU
		{BE248003-1443-A8D5-DF71-E2E1715422E9}.Release|Any CPU.ActiveCfg = Release|Any CPU
		{BE248003-1443-A8D5-DF71-E2E1715422E9}.Release|Any CPU.Build.0 = Release|Any CPU
		{BE248003-1443-A8D5-DF71-E2E1715422E9}.Release|x64.ActiveCfg = Release|Any CPU
		{BE248003-1443-A8D5-DF71-E2E1715422E9}.Release|x64.Build.0 = Release|Any CPU
		{BE248003-1443-A8D5-DF71-E2E1715422E9}.Release|x86.ActiveCfg = Release|Any CPU
		{BE248003-1443-A8D5-DF71-E2E1715422E9}.Release|x86.Build.0 = Release|Any CPU
		{E3FFE8C7-E9F3-43C9-4CFE-CBB13D7AB9FB}.Debug|Any CPU.ActiveCfg = Debug|Any CPU
		{E3FFE8C7-E9F3-43C9-4CFE-CBB13D7AB9FB}.Debug|Any CPU.Build.0 = Debug|Any CPU
		{E3FFE8C7-E9F3-43C9-4CFE-CBB13D7AB9FB}.Debug|x64.ActiveCfg = Debug|Any CPU
		{E3FFE8C7-E9F3-43C9-4CFE-CBB13D7AB9FB}.Debug|x64.Build.0 = Debug|Any CPU
		{E3FFE8C7-E9F3-43C9-4CFE-CBB13D7AB9FB}.Debug|x86.ActiveCfg = Debug|Any CPU
		{E3FFE8C7-E9F3-43C9-4CFE-CBB13D7AB9FB}.Debug|x86.Build.0 = Debug|Any CPU
		{E3FFE8C7-E9F3-43C9-4CFE-CBB13D7AB9FB}.Release|Any CPU.ActiveCfg = Release|Any CPU
		{E3FFE8C7-E9F3-43C9-4CFE-CBB13D7AB9FB}.Release|Any CPU.Build.0 = Release|Any CPU
		{E3FFE8C7-E9F3-43C9-4CFE-CBB13D7AB9FB}.Release|x64.ActiveCfg = Release|Any CPU
		{E3FFE8C7-E9F3-43C9-4CFE-CBB13D7AB9FB}.Release|x64.Build.0 = Release|Any CPU
		{E3FFE8C7-E9F3-43C9-4CFE-CBB13D7AB9FB}.Release|x86.ActiveCfg = Release|Any CPU
		{E3FFE8C7-E9F3-43C9-4CFE-CBB13D7AB9FB}.Release|x86.Build.0 = Release|Any CPU
		{9C2FE616-90B1-D7FD-C9BD-EF3F32E6670C}.Debug|Any CPU.ActiveCfg = Debug|Any CPU
		{9C2FE616-90B1-D7FD-C9BD-EF3F32E6670C}.Debug|Any CPU.Build.0 = Debug|Any CPU
		{9C2FE616-90B1-D7FD-C9BD-EF3F32E6670C}.Debug|x64.ActiveCfg = Debug|Any CPU
		{9C2FE616-90B1-D7FD-C9BD-EF3F32E6670C}.Debug|x64.Build.0 = Debug|Any CPU
		{9C2FE616-90B1-D7FD-C9BD-EF3F32E6670C}.Debug|x86.ActiveCfg = Debug|Any CPU
		{9C2FE616-90B1-D7FD-C9BD-EF3F32E6670C}.Debug|x86.Build.0 = Debug|Any CPU
		{9C2FE616-90B1-D7FD-C9BD-EF3F32E6670C}.Release|Any CPU.ActiveCfg = Release|Any CPU
		{9C2FE616-90B1-D7FD-C9BD-EF3F32E6670C}.Release|Any CPU.Build.0 = Release|Any CPU
		{9C2FE616-90B1-D7FD-C9BD-EF3F32E6670C}.Release|x64.ActiveCfg = Release|Any CPU
		{9C2FE616-90B1-D7FD-C9BD-EF3F32E6670C}.Release|x64.Build.0 = Release|Any CPU
		{9C2FE616-90B1-D7FD-C9BD-EF3F32E6670C}.Release|x86.ActiveCfg = Release|Any CPU
		{9C2FE616-90B1-D7FD-C9BD-EF3F32E6670C}.Release|x86.Build.0 = Release|Any CPU
		{9E814EAE-B6F2-9B9F-21DC-DD49B1AA3000}.Debug|Any CPU.ActiveCfg = Debug|Any CPU
		{9E814EAE-B6F2-9B9F-21DC-DD49B1AA3000}.Debug|Any CPU.Build.0 = Debug|Any CPU
		{9E814EAE-B6F2-9B9F-21DC-DD49B1AA3000}.Debug|x64.ActiveCfg = Debug|Any CPU
		{9E814EAE-B6F2-9B9F-21DC-DD49B1AA3000}.Debug|x64.Build.0 = Debug|Any CPU
		{9E814EAE-B6F2-9B9F-21DC-DD49B1AA3000}.Debug|x86.ActiveCfg = Debug|Any CPU
		{9E814EAE-B6F2-9B9F-21DC-DD49B1AA3000}.Debug|x86.Build.0 = Debug|Any CPU
		{9E814EAE-B6F2-9B9F-21DC-DD49B1AA3000}.Release|Any CPU.ActiveCfg = Release|Any CPU
		{9E814EAE-B6F2-9B9F-21DC-DD49B1AA3000}.Release|Any CPU.Build.0 = Release|Any CPU
		{9E814EAE-B6F2-9B9F-21DC-DD49B1AA3000}.Release|x64.ActiveCfg = Release|Any CPU
		{9E814EAE-B6F2-9B9F-21DC-DD49B1AA3000}.Release|x64.Build.0 = Release|Any CPU
		{9E814EAE-B6F2-9B9F-21DC-DD49B1AA3000}.Release|x86.ActiveCfg = Release|Any CPU
		{9E814EAE-B6F2-9B9F-21DC-DD49B1AA3000}.Release|x86.Build.0 = Release|Any CPU
		{ED6B6783-B070-ED0E-3429-1846E07E78C8}.Debug|Any CPU.ActiveCfg = Debug|Any CPU
		{ED6B6783-B070-ED0E-3429-1846E07E78C8}.Debug|Any CPU.Build.0 = Debug|Any CPU
		{ED6B6783-B070-ED0E-3429-1846E07E78C8}.Debug|x64.ActiveCfg = Debug|Any CPU
		{ED6B6783-B070-ED0E-3429-1846E07E78C8}.Debug|x64.Build.0 = Debug|Any CPU
		{ED6B6783-B070-ED0E-3429-1846E07E78C8}.Debug|x86.ActiveCfg = Debug|Any CPU
		{ED6B6783-B070-ED0E-3429-1846E07E78C8}.Debug|x86.Build.0 = Debug|Any CPU
		{ED6B6783-B070-ED0E-3429-1846E07E78C8}.Release|Any CPU.ActiveCfg = Release|Any CPU
		{ED6B6783-B070-ED0E-3429-1846E07E78C8}.Release|Any CPU.Build.0 = Release|Any CPU
		{ED6B6783-B070-ED0E-3429-1846E07E78C8}.Release|x64.ActiveCfg = Release|Any CPU
		{ED6B6783-B070-ED0E-3429-1846E07E78C8}.Release|x64.Build.0 = Release|Any CPU
		{ED6B6783-B070-ED0E-3429-1846E07E78C8}.Release|x86.ActiveCfg = Release|Any CPU
		{ED6B6783-B070-ED0E-3429-1846E07E78C8}.Release|x86.Build.0 = Release|Any CPU
		{1CAA5DE9-35C0-4F39-9F73-74790FE1B445}.Debug|Any CPU.ActiveCfg = Debug|Any CPU
		{1CAA5DE9-35C0-4F39-9F73-74790FE1B445}.Debug|Any CPU.Build.0 = Debug|Any CPU
		{1CAA5DE9-35C0-4F39-9F73-74790FE1B445}.Debug|x64.ActiveCfg = Debug|Any CPU
		{1CAA5DE9-35C0-4F39-9F73-74790FE1B445}.Debug|x64.Build.0 = Debug|Any CPU
		{1CAA5DE9-35C0-4F39-9F73-74790FE1B445}.Debug|x86.ActiveCfg = Debug|Any CPU
		{1CAA5DE9-35C0-4F39-9F73-74790FE1B445}.Debug|x86.Build.0 = Debug|Any CPU
		{1CAA5DE9-35C0-4F39-9F73-74790FE1B445}.Release|Any CPU.ActiveCfg = Release|Any CPU
		{1CAA5DE9-35C0-4F39-9F73-74790FE1B445}.Release|Any CPU.Build.0 = Release|Any CPU
		{1CAA5DE9-35C0-4F39-9F73-74790FE1B445}.Release|x64.ActiveCfg = Release|Any CPU
		{1CAA5DE9-35C0-4F39-9F73-74790FE1B445}.Release|x64.Build.0 = Release|Any CPU
		{1CAA5DE9-35C0-4F39-9F73-74790FE1B445}.Release|x86.ActiveCfg = Release|Any CPU
		{1CAA5DE9-35C0-4F39-9F73-74790FE1B445}.Release|x86.Build.0 = Release|Any CPU
		{B7F6C4EB-7ABD-209E-A530-FEE5FD856D87}.Debug|Any CPU.ActiveCfg = Debug|Any CPU
		{B7F6C4EB-7ABD-209E-A530-FEE5FD856D87}.Debug|Any CPU.Build.0 = Debug|Any CPU
		{B7F6C4EB-7ABD-209E-A530-FEE5FD856D87}.Debug|x64.ActiveCfg = Debug|Any CPU
		{B7F6C4EB-7ABD-209E-A530-FEE5FD856D87}.Debug|x64.Build.0 = Debug|Any CPU
		{B7F6C4EB-7ABD-209E-A530-FEE5FD856D87}.Debug|x86.ActiveCfg = Debug|Any CPU
		{B7F6C4EB-7ABD-209E-A530-FEE5FD856D87}.Debug|x86.Build.0 = Debug|Any CPU
		{B7F6C4EB-7ABD-209E-A530-FEE5FD856D87}.Release|Any CPU.ActiveCfg = Release|Any CPU
		{B7F6C4EB-7ABD-209E-A530-FEE5FD856D87}.Release|Any CPU.Build.0 = Release|Any CPU
		{B7F6C4EB-7ABD-209E-A530-FEE5FD856D87}.Release|x64.ActiveCfg = Release|Any CPU
		{B7F6C4EB-7ABD-209E-A530-FEE5FD856D87}.Release|x64.Build.0 = Release|Any CPU
		{B7F6C4EB-7ABD-209E-A530-FEE5FD856D87}.Release|x86.ActiveCfg = Release|Any CPU
		{B7F6C4EB-7ABD-209E-A530-FEE5FD856D87}.Release|x86.Build.0 = Release|Any CPU
		{827429F1-31B8-14B6-6A8F-3772EBDCF0E4}.Debug|Any CPU.ActiveCfg = Debug|Any CPU
		{827429F1-31B8-14B6-6A8F-3772EBDCF0E4}.Debug|Any CPU.Build.0 = Debug|Any CPU
		{827429F1-31B8-14B6-6A8F-3772EBDCF0E4}.Debug|x64.ActiveCfg = Debug|Any CPU
		{827429F1-31B8-14B6-6A8F-3772EBDCF0E4}.Debug|x64.Build.0 = Debug|Any CPU
		{827429F1-31B8-14B6-6A8F-3772EBDCF0E4}.Debug|x86.ActiveCfg = Debug|Any CPU
		{827429F1-31B8-14B6-6A8F-3772EBDCF0E4}.Debug|x86.Build.0 = Debug|Any CPU
		{827429F1-31B8-14B6-6A8F-3772EBDCF0E4}.Release|Any CPU.ActiveCfg = Release|Any CPU
		{827429F1-31B8-14B6-6A8F-3772EBDCF0E4}.Release|Any CPU.Build.0 = Release|Any CPU
		{827429F1-31B8-14B6-6A8F-3772EBDCF0E4}.Release|x64.ActiveCfg = Release|Any CPU
		{827429F1-31B8-14B6-6A8F-3772EBDCF0E4}.Release|x64.Build.0 = Release|Any CPU
		{827429F1-31B8-14B6-6A8F-3772EBDCF0E4}.Release|x86.ActiveCfg = Release|Any CPU
		{827429F1-31B8-14B6-6A8F-3772EBDCF0E4}.Release|x86.Build.0 = Release|Any CPU
		{96956FDD-4CEB-6369-1DEF-8514BD50459A}.Debug|Any CPU.ActiveCfg = Debug|Any CPU
		{96956FDD-4CEB-6369-1DEF-8514BD50459A}.Debug|Any CPU.Build.0 = Debug|Any CPU
		{96956FDD-4CEB-6369-1DEF-8514BD50459A}.Debug|x64.ActiveCfg = Debug|Any CPU
		{96956FDD-4CEB-6369-1DEF-8514BD50459A}.Debug|x64.Build.0 = Debug|Any CPU
		{96956FDD-4CEB-6369-1DEF-8514BD50459A}.Debug|x86.ActiveCfg = Debug|Any CPU
		{96956FDD-4CEB-6369-1DEF-8514BD50459A}.Debug|x86.Build.0 = Debug|Any CPU
		{96956FDD-4CEB-6369-1DEF-8514BD50459A}.Release|Any CPU.ActiveCfg = Release|Any CPU
		{96956FDD-4CEB-6369-1DEF-8514BD50459A}.Release|Any CPU.Build.0 = Release|Any CPU
		{96956FDD-4CEB-6369-1DEF-8514BD50459A}.Release|x64.ActiveCfg = Release|Any CPU
		{96956FDD-4CEB-6369-1DEF-8514BD50459A}.Release|x64.Build.0 = Release|Any CPU
		{96956FDD-4CEB-6369-1DEF-8514BD50459A}.Release|x86.ActiveCfg = Release|Any CPU
		{96956FDD-4CEB-6369-1DEF-8514BD50459A}.Release|x86.Build.0 = Release|Any CPU
		{047CEDE5-4142-3C85-C194-9D01B6F3C2DB}.Debug|Any CPU.ActiveCfg = Debug|Any CPU
		{047CEDE5-4142-3C85-C194-9D01B6F3C2DB}.Debug|Any CPU.Build.0 = Debug|Any CPU
		{047CEDE5-4142-3C85-C194-9D01B6F3C2DB}.Debug|x64.ActiveCfg = Debug|Any CPU
		{047CEDE5-4142-3C85-C194-9D01B6F3C2DB}.Debug|x64.Build.0 = Debug|Any CPU
		{047CEDE5-4142-3C85-C194-9D01B6F3C2DB}.Debug|x86.ActiveCfg = Debug|Any CPU
		{047CEDE5-4142-3C85-C194-9D01B6F3C2DB}.Debug|x86.Build.0 = Debug|Any CPU
		{047CEDE5-4142-3C85-C194-9D01B6F3C2DB}.Release|Any CPU.ActiveCfg = Release|Any CPU
		{047CEDE5-4142-3C85-C194-9D01B6F3C2DB}.Release|Any CPU.Build.0 = Release|Any CPU
		{047CEDE5-4142-3C85-C194-9D01B6F3C2DB}.Release|x64.ActiveCfg = Release|Any CPU
		{047CEDE5-4142-3C85-C194-9D01B6F3C2DB}.Release|x64.Build.0 = Release|Any CPU
		{047CEDE5-4142-3C85-C194-9D01B6F3C2DB}.Release|x86.ActiveCfg = Release|Any CPU
		{047CEDE5-4142-3C85-C194-9D01B6F3C2DB}.Release|x86.Build.0 = Release|Any CPU
		{0A3905F3-10C3-48ED-12FF-04EE30C228BF}.Debug|Any CPU.ActiveCfg = Debug|Any CPU
		{0A3905F3-10C3-48ED-12FF-04EE30C228BF}.Debug|Any CPU.Build.0 = Debug|Any CPU
		{0A3905F3-10C3-48ED-12FF-04EE30C228BF}.Debug|x64.ActiveCfg = Debug|Any CPU
		{0A3905F3-10C3-48ED-12FF-04EE30C228BF}.Debug|x64.Build.0 = Debug|Any CPU
		{0A3905F3-10C3-48ED-12FF-04EE30C228BF}.Debug|x86.ActiveCfg = Debug|Any CPU
		{0A3905F3-10C3-48ED-12FF-04EE30C228BF}.Debug|x86.Build.0 = Debug|Any CPU
		{0A3905F3-10C3-48ED-12FF-04EE30C228BF}.Release|Any CPU.ActiveCfg = Release|Any CPU
		{0A3905F3-10C3-48ED-12FF-04EE30C228BF}.Release|Any CPU.Build.0 = Release|Any CPU
		{0A3905F3-10C3-48ED-12FF-04EE30C228BF}.Release|x64.ActiveCfg = Release|Any CPU
		{0A3905F3-10C3-48ED-12FF-04EE30C228BF}.Release|x64.Build.0 = Release|Any CPU
		{0A3905F3-10C3-48ED-12FF-04EE30C228BF}.Release|x86.ActiveCfg = Release|Any CPU
		{0A3905F3-10C3-48ED-12FF-04EE30C228BF}.Release|x86.Build.0 = Release|Any CPU
		{A6956764-F7C6-69F9-00F1-0D0911CBAF25}.Debug|Any CPU.ActiveCfg = Debug|Any CPU
		{A6956764-F7C6-69F9-00F1-0D0911CBAF25}.Debug|Any CPU.Build.0 = Debug|Any CPU
		{A6956764-F7C6-69F9-00F1-0D0911CBAF25}.Debug|x64.ActiveCfg = Debug|Any CPU
		{A6956764-F7C6-69F9-00F1-0D0911CBAF25}.Debug|x64.Build.0 = Debug|Any CPU
		{A6956764-F7C6-69F9-00F1-0D0911CBAF25}.Debug|x86.ActiveCfg = Debug|Any CPU
		{A6956764-F7C6-69F9-00F1-0D0911CBAF25}.Debug|x86.Build.0 = Debug|Any CPU
		{A6956764-F7C6-69F9-00F1-0D0911CBAF25}.Release|Any CPU.ActiveCfg = Release|Any CPU
		{A6956764-F7C6-69F9-00F1-0D0911CBAF25}.Release|Any CPU.Build.0 = Release|Any CPU
		{A6956764-F7C6-69F9-00F1-0D0911CBAF25}.Release|x64.ActiveCfg = Release|Any CPU
		{A6956764-F7C6-69F9-00F1-0D0911CBAF25}.Release|x64.Build.0 = Release|Any CPU
		{A6956764-F7C6-69F9-00F1-0D0911CBAF25}.Release|x86.ActiveCfg = Release|Any CPU
		{A6956764-F7C6-69F9-00F1-0D0911CBAF25}.Release|x86.Build.0 = Release|Any CPU
		{063C07F8-3F36-4792-9DA2-1F5B4D27FF55}.Debug|Any CPU.ActiveCfg = Debug|Any CPU
		{063C07F8-3F36-4792-9DA2-1F5B4D27FF55}.Debug|Any CPU.Build.0 = Debug|Any CPU
		{063C07F8-3F36-4792-9DA2-1F5B4D27FF55}.Debug|x64.ActiveCfg = Debug|Any CPU
		{063C07F8-3F36-4792-9DA2-1F5B4D27FF55}.Debug|x64.Build.0 = Debug|Any CPU
		{063C07F8-3F36-4792-9DA2-1F5B4D27FF55}.Debug|x86.ActiveCfg = Debug|Any CPU
		{063C07F8-3F36-4792-9DA2-1F5B4D27FF55}.Debug|x86.Build.0 = Debug|Any CPU
		{063C07F8-3F36-4792-9DA2-1F5B4D27FF55}.Release|Any CPU.ActiveCfg = Release|Any CPU
		{063C07F8-3F36-4792-9DA2-1F5B4D27FF55}.Release|Any CPU.Build.0 = Release|Any CPU
		{063C07F8-3F36-4792-9DA2-1F5B4D27FF55}.Release|x64.ActiveCfg = Release|Any CPU
		{063C07F8-3F36-4792-9DA2-1F5B4D27FF55}.Release|x64.Build.0 = Release|Any CPU
		{063C07F8-3F36-4792-9DA2-1F5B4D27FF55}.Release|x86.ActiveCfg = Release|Any CPU
		{063C07F8-3F36-4792-9DA2-1F5B4D27FF55}.Release|x86.Build.0 = Release|Any CPU
		{57AD87E9-892C-4B8C-A500-AB44053FA9D5}.Debug|Any CPU.ActiveCfg = Debug|Any CPU
		{57AD87E9-892C-4B8C-A500-AB44053FA9D5}.Debug|Any CPU.Build.0 = Debug|Any CPU
		{57AD87E9-892C-4B8C-A500-AB44053FA9D5}.Debug|x64.ActiveCfg = Debug|Any CPU
		{57AD87E9-892C-4B8C-A500-AB44053FA9D5}.Debug|x64.Build.0 = Debug|Any CPU
		{57AD87E9-892C-4B8C-A500-AB44053FA9D5}.Debug|x86.ActiveCfg = Debug|Any CPU
		{57AD87E9-892C-4B8C-A500-AB44053FA9D5}.Debug|x86.Build.0 = Debug|Any CPU
		{57AD87E9-892C-4B8C-A500-AB44053FA9D5}.Release|Any CPU.ActiveCfg = Release|Any CPU
		{57AD87E9-892C-4B8C-A500-AB44053FA9D5}.Release|Any CPU.Build.0 = Release|Any CPU
		{57AD87E9-892C-4B8C-A500-AB44053FA9D5}.Release|x64.ActiveCfg = Release|Any CPU
		{57AD87E9-892C-4B8C-A500-AB44053FA9D5}.Release|x64.Build.0 = Release|Any CPU
		{57AD87E9-892C-4B8C-A500-AB44053FA9D5}.Release|x86.ActiveCfg = Release|Any CPU
		{57AD87E9-892C-4B8C-A500-AB44053FA9D5}.Release|x86.Build.0 = Release|Any CPU
		{5202DD9E-9BB0-4545-B87D-194B622793FB}.Debug|Any CPU.ActiveCfg = Debug|Any CPU
		{5202DD9E-9BB0-4545-B87D-194B622793FB}.Debug|Any CPU.Build.0 = Debug|Any CPU
		{5202DD9E-9BB0-4545-B87D-194B622793FB}.Debug|x64.ActiveCfg = Debug|Any CPU
		{5202DD9E-9BB0-4545-B87D-194B622793FB}.Debug|x64.Build.0 = Debug|Any CPU
		{5202DD9E-9BB0-4545-B87D-194B622793FB}.Debug|x86.ActiveCfg = Debug|Any CPU
		{5202DD9E-9BB0-4545-B87D-194B622793FB}.Debug|x86.Build.0 = Debug|Any CPU
		{5202DD9E-9BB0-4545-B87D-194B622793FB}.Release|Any CPU.ActiveCfg = Release|Any CPU
		{5202DD9E-9BB0-4545-B87D-194B622793FB}.Release|Any CPU.Build.0 = Release|Any CPU
		{5202DD9E-9BB0-4545-B87D-194B622793FB}.Release|x64.ActiveCfg = Release|Any CPU
		{5202DD9E-9BB0-4545-B87D-194B622793FB}.Release|x64.Build.0 = Release|Any CPU
		{5202DD9E-9BB0-4545-B87D-194B622793FB}.Release|x86.ActiveCfg = Release|Any CPU
		{5202DD9E-9BB0-4545-B87D-194B622793FB}.Release|x86.Build.0 = Release|Any CPU
		{40354DCF-8C64-806A-875F-BDFCEE5EBA03}.Debug|Any CPU.ActiveCfg = Debug|Any CPU
		{40354DCF-8C64-806A-875F-BDFCEE5EBA03}.Debug|Any CPU.Build.0 = Debug|Any CPU
		{40354DCF-8C64-806A-875F-BDFCEE5EBA03}.Debug|x64.ActiveCfg = Debug|Any CPU
		{40354DCF-8C64-806A-875F-BDFCEE5EBA03}.Debug|x64.Build.0 = Debug|Any CPU
		{40354DCF-8C64-806A-875F-BDFCEE5EBA03}.Debug|x86.ActiveCfg = Debug|Any CPU
		{40354DCF-8C64-806A-875F-BDFCEE5EBA03}.Debug|x86.Build.0 = Debug|Any CPU
		{40354DCF-8C64-806A-875F-BDFCEE5EBA03}.Release|Any CPU.ActiveCfg = Release|Any CPU
		{40354DCF-8C64-806A-875F-BDFCEE5EBA03}.Release|Any CPU.Build.0 = Release|Any CPU
		{40354DCF-8C64-806A-875F-BDFCEE5EBA03}.Release|x64.ActiveCfg = Release|Any CPU
		{40354DCF-8C64-806A-875F-BDFCEE5EBA03}.Release|x64.Build.0 = Release|Any CPU
		{40354DCF-8C64-806A-875F-BDFCEE5EBA03}.Release|x86.ActiveCfg = Release|Any CPU
		{40354DCF-8C64-806A-875F-BDFCEE5EBA03}.Release|x86.Build.0 = Release|Any CPU
		{6195EFBE-C799-CB07-C168-6705C8A7B5BD}.Debug|Any CPU.ActiveCfg = Debug|Any CPU
		{6195EFBE-C799-CB07-C168-6705C8A7B5BD}.Debug|Any CPU.Build.0 = Debug|Any CPU
		{6195EFBE-C799-CB07-C168-6705C8A7B5BD}.Debug|x64.ActiveCfg = Debug|Any CPU
		{6195EFBE-C799-CB07-C168-6705C8A7B5BD}.Debug|x64.Build.0 = Debug|Any CPU
		{6195EFBE-C799-CB07-C168-6705C8A7B5BD}.Debug|x86.ActiveCfg = Debug|Any CPU
		{6195EFBE-C799-CB07-C168-6705C8A7B5BD}.Debug|x86.Build.0 = Debug|Any CPU
		{6195EFBE-C799-CB07-C168-6705C8A7B5BD}.Release|Any CPU.ActiveCfg = Release|Any CPU
		{6195EFBE-C799-CB07-C168-6705C8A7B5BD}.Release|Any CPU.Build.0 = Release|Any CPU
		{6195EFBE-C799-CB07-C168-6705C8A7B5BD}.Release|x64.ActiveCfg = Release|Any CPU
		{6195EFBE-C799-CB07-C168-6705C8A7B5BD}.Release|x64.Build.0 = Release|Any CPU
		{6195EFBE-C799-CB07-C168-6705C8A7B5BD}.Release|x86.ActiveCfg = Release|Any CPU
		{6195EFBE-C799-CB07-C168-6705C8A7B5BD}.Release|x86.Build.0 = Release|Any CPU
		{DC752207-3738-B576-2BFC-FC7784D9ABC3}.Debug|Any CPU.ActiveCfg = Debug|Any CPU
		{DC752207-3738-B576-2BFC-FC7784D9ABC3}.Debug|Any CPU.Build.0 = Debug|Any CPU
		{DC752207-3738-B576-2BFC-FC7784D9ABC3}.Debug|x64.ActiveCfg = Debug|Any CPU
		{DC752207-3738-B576-2BFC-FC7784D9ABC3}.Debug|x64.Build.0 = Debug|Any CPU
		{DC752207-3738-B576-2BFC-FC7784D9ABC3}.Debug|x86.ActiveCfg = Debug|Any CPU
		{DC752207-3738-B576-2BFC-FC7784D9ABC3}.Debug|x86.Build.0 = Debug|Any CPU
		{DC752207-3738-B576-2BFC-FC7784D9ABC3}.Release|Any CPU.ActiveCfg = Release|Any CPU
		{DC752207-3738-B576-2BFC-FC7784D9ABC3}.Release|Any CPU.Build.0 = Release|Any CPU
		{DC752207-3738-B576-2BFC-FC7784D9ABC3}.Release|x64.ActiveCfg = Release|Any CPU
		{DC752207-3738-B576-2BFC-FC7784D9ABC3}.Release|x64.Build.0 = Release|Any CPU
		{DC752207-3738-B576-2BFC-FC7784D9ABC3}.Release|x86.ActiveCfg = Release|Any CPU
		{DC752207-3738-B576-2BFC-FC7784D9ABC3}.Release|x86.Build.0 = Release|Any CPU
		{411A1FAA-6A13-F9D2-C9EE-344489ADB793}.Debug|Any CPU.ActiveCfg = Debug|Any CPU
		{411A1FAA-6A13-F9D2-C9EE-344489ADB793}.Debug|Any CPU.Build.0 = Debug|Any CPU
		{411A1FAA-6A13-F9D2-C9EE-344489ADB793}.Debug|x64.ActiveCfg = Debug|Any CPU
		{411A1FAA-6A13-F9D2-C9EE-344489ADB793}.Debug|x64.Build.0 = Debug|Any CPU
		{411A1FAA-6A13-F9D2-C9EE-344489ADB793}.Debug|x86.ActiveCfg = Debug|Any CPU
		{411A1FAA-6A13-F9D2-C9EE-344489ADB793}.Debug|x86.Build.0 = Debug|Any CPU
		{411A1FAA-6A13-F9D2-C9EE-344489ADB793}.Release|Any CPU.ActiveCfg = Release|Any CPU
		{411A1FAA-6A13-F9D2-C9EE-344489ADB793}.Release|Any CPU.Build.0 = Release|Any CPU
		{411A1FAA-6A13-F9D2-C9EE-344489ADB793}.Release|x64.ActiveCfg = Release|Any CPU
		{411A1FAA-6A13-F9D2-C9EE-344489ADB793}.Release|x64.Build.0 = Release|Any CPU
		{411A1FAA-6A13-F9D2-C9EE-344489ADB793}.Release|x86.ActiveCfg = Release|Any CPU
		{411A1FAA-6A13-F9D2-C9EE-344489ADB793}.Release|x86.Build.0 = Release|Any CPU
	EndGlobalSection
	GlobalSection(SolutionProperties) = preSolution
		HideSolutionNode = FALSE
	EndGlobalSection
	GlobalSection(ExtensibilityGlobals) = postSolution
		SolutionGuid = {CAFC3D06-5472-4B62-9709-25257F83E5DC}
	EndGlobalSection
EndGlobal
